{
  "name": "@mathrandom7910/pos",
  "version": "1.0.5",
  "lockfileVersion": 2,
  "requires": true,
  "packages": {
    "": {
      "name": "@mathrandom7910/pos",
      "version": "1.0.5",
      "license": "MIT",
      "dependencies": {
        "@mathrandom7910/mathplus": "^1.0.2"
      }
    },
    "node_modules/@mathrandom7910/mathplus": {
      "version": "1.0.2",
      "resolved": "https://registry.npmjs.org/@mathrandom7910/mathplus/-/mathplus-1.0.2.tgz",
      "integrity": "sha512-lDsErp9DL9xRF3ToWCgsOaRhlynPLKGLQ7os3RDTp5qkxE45tmfhFVSLJ6Ity9oda8dD8h1JEG6mLA3wysLETg==",
      "dependencies": {
        "@mathrandom7910/pos": "^1.0.2"
      }
    },
    "node_modules/@mathrandom7910/pos": {
      "version": "1.0.3",
      "resolved": "https://registry.npmjs.org/@mathrandom7910/pos/-/pos-1.0.3.tgz",
      "integrity": "sha512-Xp0KjgZYH5UOYIpk9zW/XuzlbmJGc4Rfw4EbgeiQLtkfksrrxPHbd2joQrtaR2V12HwitUwsugjhlDEetyntuA=="
    }
  },
  "dependencies": {
    "@mathrandom7910/mathplus": {
      "version": "1.0.2",
      "resolved": "https://registry.npmjs.org/@mathrandom7910/mathplus/-/mathplus-1.0.2.tgz",
      "integrity": "sha512-lDsErp9DL9xRF3ToWCgsOaRhlynPLKGLQ7os3RDTp5qkxE45tmfhFVSLJ6Ity9oda8dD8h1JEG6mLA3wysLETg==",
      "requires": {
        "@mathrandom7910/pos": "^1.0.2"
      }
    },
    "@mathrandom7910/pos": {
      "version": "1.0.3",
      "resolved": "https://registry.npmjs.org/@mathrandom7910/pos/-/pos-1.0.3.tgz",
      "integrity": "sha512-Xp0KjgZYH5UOYIpk9zW/XuzlbmJGc4Rfw4EbgeiQLtkfksrrxPHbd2joQrtaR2V12HwitUwsugjhlDEetyntuA=="
    }
  }
}
