{
  "name": "@mathrandom7910/pos",
  "version": "1.0.3",
  "lockfileVersion": 2,
  "requires": true,
  "packages": {
    "": {
      "name": "@mathrandom7910/pos",
      "version": "1.0.3",
      "license": "MIT",
      "dependencies": {
        "@mathrandom7910/mathplus": "^1.0.0"
      }
    },
    "node_modules/@mathrandom7910/mathplus": {
      "version": "1.0.0",
      "resolved": "https://registry.npmjs.org/@mathrandom7910/mathplus/-/mathplus-1.0.0.tgz",
      "integrity": "sha512-f9CCvb33O+TF/nujn775rvL8J3RsnbDocP15gfpoJCH0fTh/vJytNGB1efFPBiVtwQYC69fpodmIC2bT5snB4w==",
      "dependencies": {
        "@mathrandom7910/pos": "^1.0.2"
      }
    },
    "node_modules/@mathrandom7910/pos": {
      "version": "1.0.3",
      "resolved": "https://registry.npmjs.org/@mathrandom7910/pos/-/pos-1.0.3.tgz",
      "integrity": "sha512-Xp0KjgZYH5UOYIpk9zW/XuzlbmJGc4Rfw4EbgeiQLtkfksrrxPHbd2joQrtaR2V12HwitUwsugjhlDEetyntuA=="
    }
  },
  "dependencies": {
    "@mathrandom7910/mathplus": {
      "version": "1.0.0",
      "resolved": "https://registry.npmjs.org/@mathrandom7910/mathplus/-/mathplus-1.0.0.tgz",
      "integrity": "sha512-f9CCvb33O+TF/nujn775rvL8J3RsnbDocP15gfpoJCH0fTh/vJytNGB1efFPBiVtwQYC69fpodmIC2bT5snB4w==",
      "requires": {
        "@mathrandom7910/pos": "^1.0.2"
      }
    },
    "@mathrandom7910/pos": {
      "version": "1.0.3",
      "resolved": "https://registry.npmjs.org/@mathrandom7910/pos/-/pos-1.0.3.tgz",
      "integrity": "sha512-Xp0KjgZYH5UOYIpk9zW/XuzlbmJGc4Rfw4EbgeiQLtkfksrrxPHbd2joQrtaR2V12HwitUwsugjhlDEetyntuA=="
    }
  }
}
